// !$*UTF8*$!
{
	archiveVersion = 1;
	classes = {
	};
	objectVersion = 46;
	objects = {

/* Begin PBXBuildFile section */
		44F182C31AA370BC00F66672 /* AppDelegate.swift in Sources */ = {isa = PBXBuildFile; fileRef = 44F182C21AA370BC00F66672 /* AppDelegate.swift */; };
		44F182C81AA370BC00F66672 /* Main.storyboard in Resources */ = {isa = PBXBuildFile; fileRef = 44F182C61AA370BC00F66672 /* Main.storyboard */; };
		44F182CA1AA370BC00F66672 /* Images.xcassets in Resources */ = {isa = PBXBuildFile; fileRef = 44F182C91AA370BC00F66672 /* Images.xcassets */; };
		44F182CD1AA370BD00F66672 /* LaunchScreen.xib in Resources */ = {isa = PBXBuildFile; fileRef = 44F182CB1AA370BC00F66672 /* LaunchScreen.xib */; };
		44F182D91AA370BD00F66672 /* NoteAppTests.swift in Sources */ = {isa = PBXBuildFile; fileRef = 44F182D81AA370BD00F66672 /* NoteAppTests.swift */; };
		44F182E31AA37D7400F66672 /* NotesTableViewController.swift in Sources */ = {isa = PBXBuildFile; fileRef = 44F182E21AA37D7400F66672 /* NotesTableViewController.swift */; };
		44F182E51AA3E3B300F66672 /* AddNoteViewController.swift in Sources */ = {isa = PBXBuildFile; fileRef = 44F182E41AA3E3B300F66672 /* AddNoteViewController.swift */; };
/* End PBXBuildFile section */

/* Begin PBXContainerItemProxy section */
		44F182D31AA370BD00F66672 /* PBXContainerItemProxy */ = {
			isa = PBXContainerItemProxy;
			containerPortal = 44F182B51AA370BC00F66672 /* Project object */;
			proxyType = 1;
			remoteGlobalIDString = 44F182BC1AA370BC00F66672;
			remoteInfo = NoteApp;
		};
/* End PBXContainerItemProxy section */

/* Begin PBXFileReference section */
		44F182BD1AA370BC00F66672 /* NoteApp.app */ = {isa = PBXFileReference; explicitFileType = wrapper.application; includeInIndex = 0; path = NoteApp.app; sourceTree = BUILT_PRODUCTS_DIR; };
		44F182C11AA370BC00F66672 /* Info.plist */ = {isa = PBXFileReference; lastKnownFileType = text.plist.xml; path = Info.plist; sourceTree = "<group>"; };
		44F182C21AA370BC00F66672 /* AppDelegate.swift */ = {isa = PBXFileReference; lastKnownFileType = sourcecode.swift; path = AppDelegate.swift; sourceTree = "<group>"; };
		44F182C71AA370BC00F66672 /* Base */ = {isa = PBXFileReference; lastKnownFileType = file.storyboard; name = Base; path = Base.lproj/Main.storyboard; sourceTree = "<group>"; };
		44F182C91AA370BC00F66672 /* Images.xcassets */ = {isa = PBXFileReference; lastKnownFileType = folder.assetcatalog; path = Images.xcassets; sourceTree = "<group>"; };
		44F182CC1AA370BD00F66672 /* Base */ = {isa = PBXFileReference; lastKnownFileType = file.xib; name = Base; path = Base.lproj/LaunchScreen.xib; sourceTree = "<group>"; };
		44F182D21AA370BD00F66672 /* NoteAppTests.xctest */ = {isa = PBXFileReference; explicitFileType = wrapper.cfbundle; includeInIndex = 0; path = NoteAppTests.xctest; sourceTree = BUILT_PRODUCTS_DIR; };
		44F182D71AA370BD00F66672 /* Info.plist */ = {isa = PBXFileReference; lastKnownFileType = text.plist.xml; path = Info.plist; sourceTree = "<group>"; };
		44F182D81AA370BD00F66672 /* NoteAppTests.swift */ = {isa = PBXFileReference; lastKnownFileType = sourcecode.swift; path = NoteAppTests.swift; sourceTree = "<group>"; };
		44F182E21AA37D7400F66672 /* NotesTableViewController.swift */ = {isa = PBXFileReference; fileEncoding = 4; lastKnownFileType = sourcecode.swift; path = NotesTableViewController.swift; sourceTree = "<group>"; };
		44F182E41AA3E3B300F66672 /* AddNoteViewController.swift */ = {isa = PBXFileReference; fileEncoding = 4; lastKnownFileType = sourcecode.swift; path = AddNoteViewController.swift; sourceTree = "<group>"; };
		44F182E71AA3FB1000F66672 /* en */ = {isa = PBXFileReference; lastKnownFileType = text.plist.strings; name = en; path = en.lproj/Main.strings; sourceTree = "<group>"; };
/* End PBXFileReference section */

/* Begin PBXFrameworksBuildPhase section */
		44F182BA1AA370BC00F66672 /* Frameworks */ = {
			isa = PBXFrameworksBuildPhase;
			buildActionMask = 2147483647;
			files = (
			);
			runOnlyForDeploymentPostprocessing = 0;
		};
		44F182CF1AA370BD00F66672 /* Frameworks */ = {
			isa = PBXFrameworksBuildPhase;
			buildActionMask = 2147483647;
			files = (
			);
			runOnlyForDeploymentPostprocessing = 0;
		};
/* End PBXFrameworksBuildPhase section */

/* Begin PBXGroup section */
		44F182B41AA370BC00F66672 = {
			isa = PBXGroup;
			children = (
				44F182BF1AA370BC00F66672 /* NoteApp */,
				44F182D51AA370BD00F66672 /* NoteAppTests */,
				44F182BE1AA370BC00F66672 /* Products */,
			);
			sourceTree = "<group>";
		};
		44F182BE1AA370BC00F66672 /* Products */ = {
			isa = PBXGroup;
			children = (
				44F182BD1AA370BC00F66672 /* NoteApp.app */,
				44F182D21AA370BD00F66672 /* NoteAppTests.xctest */,
			);
			name = Products;
			sourceTree = "<group>";
		};
		44F182BF1AA370BC00F66672 /* NoteApp */ = {
			isa = PBXGroup;
			children = (
				44F182C21AA370BC00F66672 /* AppDelegate.swift */,
				44F182C61AA370BC00F66672 /* Main.storyboard */,
				44F182C91AA370BC00F66672 /* Images.xcassets */,
				44F182CB1AA370BC00F66672 /* LaunchScreen.xib */,
				44F182C01AA370BC00F66672 /* Supporting Files */,
				44F182E21AA37D7400F66672 /* NotesTableViewController.swift */,
				44F182E41AA3E3B300F66672 /* AddNoteViewController.swift */,
			);
			path = NoteApp;
			sourceTree = "<group>";
		};
		44F182C01AA370BC00F66672 /* Supporting Files */ = {
			isa = PBXGroup;
			children = (
				44F182C11AA370BC00F66672 /* Info.plist */,
			);
			name = "Supporting Files";
			sourceTree = "<group>";
		};
		44F182D51AA370BD00F66672 /* NoteAppTests */ = {
			isa = PBXGroup;
			children = (
				44F182D81AA370BD00F66672 /* NoteAppTests.swift */,
				44F182D61AA370BD00F66672 /* Supporting Files */,
			);
			path = NoteAppTests;
			sourceTree = "<group>";
		};
		44F182D61AA370BD00F66672 /* Supporting Files */ = {
			isa = PBXGroup;
			children = (
				44F182D71AA370BD00F66672 /* Info.plist */,
			);
			name = "Supporting Files";
			sourceTree = "<group>";
		};
/* End PBXGroup section */

/* Begin PBXNativeTarget section */
		44F182BC1AA370BC00F66672 /* NoteApp */ = {
			isa = PBXNativeTarget;
			buildConfigurationList = 44F182DC1AA370BD00F66672 /* Build configuration list for PBXNativeTarget "NoteApp" */;
			buildPhases = (
				44F182B91AA370BC00F66672 /* Sources */,
				44F182BA1AA370BC00F66672 /* Frameworks */,
				44F182BB1AA370BC00F66672 /* Resources */,
			);
			buildRules = (
			);
			dependencies = (
			);
			name = NoteApp;
			productName = NoteApp;
			productReference = 44F182BD1AA370BC00F66672 /* NoteApp.app */;
			productType = "com.apple.product-type.application";
		};
		44F182D11AA370BD00F66672 /* NoteAppTests */ = {
			isa = PBXNativeTarget;
			buildConfigurationList = 44F182DF1AA370BD00F66672 /* Build configuration list for PBXNativeTarget "NoteAppTests" */;
			buildPhases = (
				44F182CE1AA370BD00F66672 /* Sources */,
				44F182CF1AA370BD00F66672 /* Frameworks */,
				44F182D01AA370BD00F66672 /* Resources */,
			);
			buildRules = (
			);
			dependencies = (
				44F182D41AA370BD00F66672 /* PBXTargetDependency */,
			);
			name = NoteAppTests;
			productName = NoteAppTests;
			productReference = 44F182D21AA370BD00F66672 /* NoteAppTests.xctest */;
			productType = "com.apple.product-type.bundle.unit-test";
		};
/* End PBXNativeTarget section */

/* Begin PBXProject section */
		44F182B51AA370BC00F66672 /* Project object */ = {
			isa = PBXProject;
			attributes = {
				LastUpgradeCheck = 0610;
				ORGANIZATIONNAME = "Kate Grebenyuk";
				TargetAttributes = {
					44F182BC1AA370BC00F66672 = {
						CreatedOnToolsVersion = 6.1.1;
					};
					44F182D11AA370BD00F66672 = {
						CreatedOnToolsVersion = 6.1.1;
						TestTargetID = 44F182BC1AA370BC00F66672;
					};
				};
			};
			buildConfigurationList = 44F182B81AA370BC00F66672 /* Build configuration list for PBXProject "NoteApp" */;
			compatibilityVersion = "Xcode 3.2";
			developmentRegion = English;
			hasScannedForEncodings = 0;
			knownRegions = (
				en,
				Base,
			);
			mainGroup = 44F182B41AA370BC00F66672;
			productRefGroup = 44F182BE1AA370BC00F66672 /* Products */;
			projectDirPath = "";
			projectRoot = "";
			targets = (
				44F182BC1AA370BC00F66672 /* NoteApp */,
				44F182D11AA370BD00F66672 /* NoteAppTests */,
			);
		};
/* End PBXProject section */

/* Begin PBXResourcesBuildPhase section */
		44F182BB1AA370BC00F66672 /* Resources */ = {
			isa = PBXResourcesBuildPhase;
			buildActionMask = 2147483647;
			files = (
				44F182C81AA370BC00F66672 /* Main.storyboard in Resources */,
				44F182CD1AA370BD00F66672 /* LaunchScreen.xib in Resources */,
				44F182CA1AA370BC00F66672 /* Images.xcassets in Resources */,
			);
			runOnlyForDeploymentPostprocessing = 0;
		};
		44F182D01AA370BD00F66672 /* Resources */ = {
			isa = PBXResourcesBuildPhase;
			buildActionMask = 2147483647;
			files = (
			);
			runOnlyForDeploymentPostprocessing = 0;
		};
/* End PBXResourcesBuildPhase section */

/* Begin PBXSourcesBuildPhase section */
		44F182B91AA370BC00F66672 /* Sources */ = {
			isa = PBXSourcesBuildPhase;
			buildActionMask = 2147483647;
			files = (
				44F182C31AA370BC00F66672 /* AppDelegate.swift in Sources */,
				44F182E31AA37D7400F66672 /* NotesTableViewController.swift in Sources */,
				44F182E51AA3E3B300F66672 /* AddNoteViewController.swift in Sources */,
			);
			runOnlyForDeploymentPostprocessing = 0;
		};
		44F182CE1AA370BD00F66672 /* Sources */ = {
			isa = PBXSourcesBuildPhase;
			buildActionMask = 2147483647;
			files = (
				44F182D91AA370BD00F66672 /* NoteAppTests.swift in Sources */,
			);
			runOnlyForDeploymentPostprocessing = 0;
		};
/* End PBXSourcesBuildPhase section */

/* Begin PBXTargetDependency section */
		44F182D41AA370BD00F66672 /* PBXTargetDependency */ = {
			isa = PBXTargetDependency;
			target = 44F182BC1AA370BC00F66672 /* NoteApp */;
			targetProxy = 44F182D31AA370BD00F66672 /* PBXContainerItemProxy */;
		};
/* End PBXTargetDependency section */

/* Begin PBXVariantGroup section */
		44F182C61AA370BC00F66672 /* Main.storyboard */ = {
			isa = PBXVariantGroup;
			children = (
				44F182C71AA370BC00F66672 /* Base */,
				44F182E71AA3FB1000F66672 /* en */,
			);
			name = Main.storyboard;
			sourceTree = "<group>";
		};
		44F182CB1AA370BC00F66672 /* LaunchScreen.xib */ = {
			isa = PBXVariantGroup;
			children = (
				44F182CC1AA370BD00F66672 /* Base */,
			);
			name = LaunchScreen.xib;
			sourceTree = "<group>";
		};
/* End PBXVariantGroup section */

/* Begin XCBuildConfiguration section */
		44F182DA1AA370BD00F66672 /* Debug */ = {
			isa = XCBuildConfiguration;
			buildSettings = {
				ALWAYS_SEARCH_USER_PATHS = NO;
				CLANG_CXX_LANGUAGE_STANDARD = "gnu++0x";
				CLANG_CXX_LIBRARY = "libc++";
				CLANG_ENABLE_MODULES = YES;
				CLANG_ENABLE_OBJC_ARC = YES;
				CLANG_WARN_BOOL_CONVERSION = YES;
				CLANG_WARN_CONSTANT_CONVERSION = YES;
				CLANG_WARN_DIRECT_OBJC_ISA_USAGE = YES_ERROR;
				CLANG_WARN_EMPTY_BODY = YES;
				CLANG_WARN_ENUM_CONVERSION = YES;
				CLANG_WARN_INT_CONVERSION = YES;
				CLANG_WARN_OBJC_ROOT_CLASS = YES_ERROR;
				CLANG_WARN_UNREACHABLE_CODE = YES;
				CLANG_WARN__DUPLICATE_METHOD_MATCH = YES;
				"CODE_SIGN_IDENTITY[sdk=iphoneos*]" = "iPhone Developer";
				COPY_PHASE_STRIP = NO;
				ENABLE_STRICT_OBJC_MSGSEND = YES;
				GCC_C_LANGUAGE_STANDARD = gnu99;
				GCC_DYNAMIC_NO_PIC = NO;
				GCC_OPTIMIZATION_LEVEL = 0;
				GCC_PREPROCESSOR_DEFINITIONS = (
					"DEBUG=1",
					"$(inherited)",
				);
				GCC_SYMBOLS_PRIVATE_EXTERN = NO;
				GCC_WARN_64_TO_32_BIT_CONVERSION = YES;
				GCC_WARN_ABOUT_RETURN_TYPE = YES_ERROR;
				GCC_WARN_UNDECLARED_SELECTOR = YES;
				GCC_WARN_UNINITIALIZED_AUTOS = YES_AGGRESSIVE;
				GCC_WARN_UNUSED_FUNCTION = YES;
				GCC_WARN_UNUSED_VARIABLE = YES;
				IPHONEOS_DEPLOYMENT_TARGET = 8.1;
				MTL_ENABLE_DEBUG_INFO = YES;
				ONLY_ACTIVE_ARCH = YES;
				SDKROOT = iphoneos;
				SWIFT_OPTIMIZATION_LEVEL = "-Onone";
			};
			name = Debug;
		};
		44F182DB1AA370BD00F66672 /* Release */ = {
			isa = XCBuildConfiguration;
			buildSettings = {
				ALWAYS_SEARCH_USER_PATHS = NO;
				CLANG_CXX_LANGUAGE_STANDARD = "gnu++0x";
				CLANG_CXX_LIBRARY = "libc++";
				CLANG_ENABLE_MODULES = YES;
				CLANG_ENABLE_OBJC_ARC = YES;
				CLANG_WARN_BOOL_CONVERSION = YES;
				CLANG_WARN_CONSTANT_CONVERSION = YES;
				CLANG_WARN_DIRECT_OBJC_ISA_USAGE = YES_ERROR;
				CLANG_WARN_EMPTY_BODY = YES;
				CLANG_WARN_ENUM_CONVERSION = YES;
				CLANG_WARN_INT_CONVERSION = YES;
				CLANG_WARN_OBJC_ROOT_CLASS = YES_ERROR;
				CLANG_WARN_UNREACHABLE_CODE = YES;
				CLANG_WARN__DUPLICATE_METHOD_MATCH = YES;
				"CODE_SIGN_IDENTITY[sdk=iphoneos*]" = "iPhone Developer";
				COPY_PHASE_STRIP = YES;
				ENABLE_NS_ASSERTIONS = NO;
				ENABLE_STRICT_OBJC_MSGSEND = YES;
				GCC_C_LANGUAGE_STANDARD = gnu99;
				GCC_WARN_64_TO_32_BIT_CONVERSION = YES;
				GCC_WARN_ABOUT_RETURN_TYPE = YES_ERROR;
				GCC_WARN_UNDECLARED_SELECTOR = YES;
				GCC_WARN_UNINITIALIZED_AUTOS = YES_AGGRESSIVE;
				GCC_WARN_UNUSED_FUNCTION = YES;
				GCC_WARN_UNUSED_VARIABLE = YES;
				IPHONEOS_DEPLOYMENT_TARGET = 8.1;
				MTL_ENABLE_DEBUG_INFO = NO;
				SDKROOT = iphoneos;
				VALIDATE_PRODUCT = YES;
			};
			name = Release;
		};
		44F182DD1AA370BD00F66672 /* Debug */ = {
			isa = XCBuildConfiguration;
			buildSettings = {
				ASSETCATALOG_COMPILER_APPICON_NAME = AppIcon;
				INFOPLIST_FILE = NoteApp/Info.plist;
				LD_RUNPATH_SEARCH_PATHS = "$(inherited) @executable_path/Frameworks";
				PRODUCT_NAME = "$(TARGET_NAME)";
			};
			name = Debug;
		};
		44F182DE1AA370BD00F66672 /* Release */ = {
			isa = XCBuildConfiguration;
			buildSettings = {
				ASSETCATALOG_COMPILER_APPICON_NAME = AppIcon;
				INFOPLIST_FILE = NoteApp/Info.plist;
				LD_RUNPATH_SEARCH_PATHS = "$(inherited) @executable_path/Frameworks";
				PRODUCT_NAME = "$(TARGET_NAME)";
			};
			name = Release;
		};
		44F182E01AA370BD00F66672 /* Debug */ = {
			isa = XCBuildConfiguration;
			buildSettings = {
				BUNDLE_LOADER = "$(TEST_HOST)";
				FRAMEWORK_SEARCH_PATHS = (
					"$(SDKROOT)/Developer/Library/Frameworks",
					"$(inherited)",
				);
				GCC_PREPROCESSOR_DEFINITIONS = (
					"DEBUG=1",
					"$(inherited)",
				);
				INFOPLIST_FILE = NoteAppTests/Info.plist;
				LD_RUNPATH_SEARCH_PATHS = "$(inherited) @executable_path/Frameworks @loader_path/Frameworks";
				PRODUCT_NAME = "$(TARGET_NAME)";
				TEST_HOST = "$(BUILT_PRODUCTS_DIR)/NoteApp.app/NoteApp";
			};
			name = Debug;
		};
		44F182E11AA370BD00F66672 /* Release */ = {
			isa = XCBuildConfiguration;
			buildSettings = {
				BUNDLE_LOADER = "$(TEST_HOST)";
				FRAMEWORK_SEARCH_PATHS = (
					"$(SDKROOT)/Developer/Library/Frameworks",
					"$(inherited)",
				);
				INFOPLIST_FILE = NoteAppTests/Info.plist;
				LD_RUNPATH_SEARCH_PATHS = "$(inherited) @executable_path/Frameworks @loader_path/Frameworks";
				PRODUCT_NAME = "$(TARGET_NAME)";
				TEST_HOST = "$(BUILT_PRODUCTS_DIR)/NoteApp.app/NoteApp";
			};
			name = Release;
		};
/* End XCBuildConfiguration section */

/* Begin XCConfigurationList section */
		44F182B81AA370BC00F66672 /* Build configuration list for PBXProject "NoteApp" */ = {
			isa = XCConfigurationList;
			buildConfigurations = (
				44F182DA1AA370BD00F66672 /* Debug */,
				44F182DB1AA370BD00F66672 /* Release */,
			);
			defaultConfigurationIsVisible = 0;
			defaultConfigurationName = Release;
		};
		44F182DC1AA370BD00F66672 /* Build configuration list for PBXNativeTarget "NoteApp" */ = {
			isa = XCConfigurationList;
			buildConfigurations = (
				44F182DD1AA370BD00F66672 /* Debug */,
				44F182DE1AA370BD00F66672 /* Release */,
			);
			defaultConfigurationIsVisible = 0;
		};
		44F182DF1AA370BD00F66672 /* Build configuration list for PBXNativeTarget "NoteAppTests" */ = {
			isa = XCConfigurationList;
			buildConfigurations = (
				44F182E01AA370BD00F66672 /* Debug */,
				44F182E11AA370BD00F66672 /* Release */,
			);
			defaultConfigurationIsVisible = 0;
		};
/* End XCConfigurationList section */
	};
	rootObject = 44F182B51AA370BC00F66672 /* Project object */;
}
